
Microsoft Visual Studio Solution File, Format Version 12.00
# Visual Studio Version 17
VisualStudioVersion = 17.2.32616.157
MinimumVisualStudioVersion = 10.0.40219.1
Project("{9A19103F-16F7-4668-BE54-9A1E7A4F7556}") = "TestMediatR", "TestMediatR\TestMediatR.csproj", "{ADC719D5-CADD-4AF9-AD33-0D4E504FD882}"
EndProject
Project("{FAE04EC0-301F-11D3-BF4B-00C04F79EFBC}") = "TestMediatR.Infrastructure", "TestMediatR.Infrastructure\TestMediatR.Infrastructure.csproj", "{21C88863-00BE-4DA0-BBDB-EBDBB91E6B63}"
EndProject
Project("{FAE04EC0-301F-11D3-BF4B-00C04F79EFBC}") = "TestMediatR.Domain", "TestMediatR.Domain\TestMediatR.Domain.csproj", "{1B28AEDE-A999-4254-945F-E4EF52F1A0BD}"
EndProject
Project("{9A19103F-16F7-4668-BE54-9A1E7A4F7556}") = "TestMediatR.Application", "TestMediatR.Application\TestMediatR.Application.csproj", "{33A75351-C23D-4AA7-A985-539FE1477DF3}"
EndProject
Global
	GlobalSection(SolutionConfigurationPlatforms) = preSolution
		Debug|Any CPU = Debug|Any CPU
		Release|Any CPU = Release|Any CPU
	EndGlobalSection
	GlobalSection(ProjectConfigurationPlatforms) = postSolution
		{ADC719D5-CADD-4AF9-AD33-0D4E504FD882}.Debug|Any CPU.ActiveCfg = Debug|Any CPU
		{ADC719D5-CADD-4AF9-AD33-0D4E504FD882}.Debug|Any CPU.Build.0 = Debug|Any CPU
		{ADC719D5-CADD-4AF9-AD33-0D4E504FD882}.Release|Any CPU.ActiveCfg = Release|Any CPU
		{ADC719D5-CADD-4AF9-AD33-0D4E504FD882}.Release|Any CPU.Build.0 = Release|Any CPU
		{21C88863-00BE-4DA0-BBDB-EBDBB91E6B63}.Debug|Any CPU.ActiveCfg = Debug|Any CPU
		{21C88863-00BE-4DA0-BBDB-EBDBB91E6B63}.Debug|Any CPU.Build.0 = Debug|Any CPU
		{21C88863-00BE-4DA0-BBDB-EBDBB91E6B63}.Release|Any CPU.ActiveCfg = Release|Any CPU
		{21C88863-00BE-4DA0-BBDB-EBDBB91E6B63}.Release|Any CPU.Build.0 = Release|Any CPU
		{1B28AEDE-A999-4254-945F-E4EF52F1A0BD}.Debug|Any CPU.ActiveCfg = Debug|Any CPU
		{1B28AEDE-A999-4254-945F-E4EF52F1A0BD}.Debug|Any CPU.Build.0 = Debug|Any CPU
		{1B28AEDE-A999-4254-945F-E4EF52F1A0BD}.Release|Any CPU.ActiveCfg = Release|Any CPU
		{1B28AEDE-A999-4254-945F-E4EF52F1A0BD}.Release|Any CPU.Build.0 = Release|Any CPU
		{33A75351-C23D-4AA7-A985-539FE1477DF3}.Debug|Any CPU.ActiveCfg = Debug|Any CPU
		{33A75351-C23D-4AA7-A985-539FE1477DF3}.Debug|Any CPU.Build.0 = Debug|Any CPU
		{33A75351-C23D-4AA7-A985-539FE1477DF3}.Release|Any CPU.ActiveCfg = Release|Any CPU
		{33A75351-C23D-4AA7-A985-539FE1477DF3}.Release|Any CPU.Build.0 = Release|Any CPU
	EndGlobalSection
	GlobalSection(SolutionProperties) = preSolution
		HideSolutionNode = FALSE
	EndGlobalSection
	GlobalSection(ExtensibilityGlobals) = postSolution
		SolutionGuid = {075954A5-486B-42AD-A067-A20466E15F5F}
	EndGlobalSection
EndGlobal
